// !$*UTF8*$!
{
	archiveVersion = 1;
	classes = {
	};
	objectVersion = 55;
	objects = {

/* Begin PBXBuildFile section */
		BF02BC472819067E00A0240F /* CloudKitManager.swift in Sources */ = {isa = PBXBuildFile; fileRef = BF02BC462819067E00A0240F /* CloudKitManager.swift */; };
		BF02BC492819089100A0240F /* RecordTypeManager.swift in Sources */ = {isa = PBXBuildFile; fileRef = BF02BC482819089100A0240F /* RecordTypeManager.swift */; };
		BF02BC4B28191C8300A0240F /* CKRecord+.swift in Sources */ = {isa = PBXBuildFile; fileRef = BF02BC4A28191C8300A0240F /* CKRecord+.swift */; };
		BF2743EC2818D90500992DC3 /* DDGProfile.swift in Sources */ = {isa = PBXBuildFile; fileRef = BF2743EB2818D90500992DC3 /* DDGProfile.swift */; };
		BF2743EE2818DDBF00992DC3 /* MockData.swift in Sources */ = {isa = PBXBuildFile; fileRef = BF2743ED2818DDBF00992DC3 /* MockData.swift */; };
		BF3A5E77281BA3370063A2FE /* PhotoPicker.swift in Sources */ = {isa = PBXBuildFile; fileRef = BF3A5E76281BA3370063A2FE /* PhotoPicker.swift */; };
		BF4ADB06281403C200F843A9 /* DubDubGrubApp.swift in Sources */ = {isa = PBXBuildFile; fileRef = BF4ADB05281403C200F843A9 /* DubDubGrubApp.swift */; };
		BF4ADB0A281403C300F843A9 /* Assets.xcassets in Resources */ = {isa = PBXBuildFile; fileRef = BF4ADB09281403C300F843A9 /* Assets.xcassets */; };
		BF4ADB0D281403C300F843A9 /* Preview Assets.xcassets in Resources */ = {isa = PBXBuildFile; fileRef = BF4ADB0C281403C300F843A9 /* Preview Assets.xcassets */; };
		BF4ADB162814048100F843A9 /* CloudKit.framework in Frameworks */ = {isa = PBXBuildFile; fileRef = BF4ADB152814048100F843A9 /* CloudKit.framework */; };
		BF4ADB182814078000F843A9 /* Color+.swift in Sources */ = {isa = PBXBuildFile; fileRef = BF4ADB172814078000F843A9 /* Color+.swift */; };
		BF4ADB1A281407D400F843A9 /* AppTabView.swift in Sources */ = {isa = PBXBuildFile; fileRef = BF4ADB19281407D400F843A9 /* AppTabView.swift */; };
		BF4ADB1C2814083100F843A9 /* LocationMapView.swift in Sources */ = {isa = PBXBuildFile; fileRef = BF4ADB1B2814083100F843A9 /* LocationMapView.swift */; };
		BF4ADB1E2814086600F843A9 /* LocationListView.swift in Sources */ = {isa = PBXBuildFile; fileRef = BF4ADB1D2814086600F843A9 /* LocationListView.swift */; };
		BF4ADB202814088400F843A9 /* ProfileView.swift in Sources */ = {isa = PBXBuildFile; fileRef = BF4ADB1F2814088400F843A9 /* ProfileView.swift */; };
		BF73B97A2817746D00044EA9 /* LocationCell.swift in Sources */ = {isa = PBXBuildFile; fileRef = BF73B9792817746D00044EA9 /* LocationCell.swift */; };
		BF73B97C2817750000044EA9 /* AvatarView.swift in Sources */ = {isa = PBXBuildFile; fileRef = BF73B97B2817750000044EA9 /* AvatarView.swift */; };
		BF73B97E28177A2C00044EA9 /* CustomModifiers.swift in Sources */ = {isa = PBXBuildFile; fileRef = BF73B97D28177A2C00044EA9 /* CustomModifiers.swift */; };
		BF73B98028177A6500044EA9 /* View+.swift in Sources */ = {isa = PBXBuildFile; fileRef = BF73B97F28177A6500044EA9 /* View+.swift */; };
		BF73B98228177D2D00044EA9 /* DDGButton.swift in Sources */ = {isa = PBXBuildFile; fileRef = BF73B98128177D2D00044EA9 /* DDGButton.swift */; };
		BF768CF82814F28A0016FD56 /* MainTabView.swift in Sources */ = {isa = PBXBuildFile; fileRef = BF768CF72814F28A0016FD56 /* MainTabView.swift */; };
		BF911531281959C700FD60DE /* AlertView.swift in Sources */ = {isa = PBXBuildFile; fileRef = BF911530281959C700FD60DE /* AlertView.swift */; };
		BF96E7372815FC4400BBC673 /* LocationDetailView.swift in Sources */ = {isa = PBXBuildFile; fileRef = BF96E7362815FC4400BBC673 /* LocationDetailView.swift */; };
		BFB931CA281A828200B1F869 /* OnboardView.swift in Sources */ = {isa = PBXBuildFile; fileRef = BFB931C9281A828200B1F869 /* OnboardView.swift */; };
		BFB931CC281A83AD00B1F869 /* LogoView.swift in Sources */ = {isa = PBXBuildFile; fileRef = BFB931CB281A83AD00B1F869 /* LogoView.swift */; };
		BFB931CE281A8BF400B1F869 /* XDismissButton.swift in Sources */ = {isa = PBXBuildFile; fileRef = BFB931CD281A8BF400B1F869 /* XDismissButton.swift */; };
		BFD5D05B281A4823009A024B /* PlaceholderImageManager.swift in Sources */ = {isa = PBXBuildFile; fileRef = BFD5D05A281A4823009A024B /* PlaceholderImageManager.swift */; };
		BFD5D05D281A4AF0009A024B /* CKAsset+.swift in Sources */ = {isa = PBXBuildFile; fileRef = BFD5D05C281A4AF0009A024B /* CKAsset+.swift */; };
		BFE5D119281A25CF00F247D6 /* LocationManager.swift in Sources */ = {isa = PBXBuildFile; fileRef = BFE5D118281A25CF00F247D6 /* LocationManager.swift */; };
		BFFA50F0281A1E890012E6D5 /* LocationMapViewModel.swift in Sources */ = {isa = PBXBuildFile; fileRef = BFFA50EF281A1E890012E6D5 /* LocationMapViewModel.swift */; };
		BFFAB5452817EC0D00FDD5B5 /* DDGLocation.swift in Sources */ = {isa = PBXBuildFile; fileRef = BFFAB5442817EC0D00FDD5B5 /* DDGLocation.swift */; };
/* End PBXBuildFile section */

/* Begin PBXFileReference section */
		BF02BC462819067E00A0240F /* CloudKitManager.swift */ = {isa = PBXFileReference; lastKnownFileType = sourcecode.swift; path = CloudKitManager.swift; sourceTree = "<group>"; };
		BF02BC482819089100A0240F /* RecordTypeManager.swift */ = {isa = PBXFileReference; lastKnownFileType = sourcecode.swift; path = RecordTypeManager.swift; sourceTree = "<group>"; };
		BF02BC4A28191C8300A0240F /* CKRecord+.swift */ = {isa = PBXFileReference; lastKnownFileType = sourcecode.swift; path = "CKRecord+.swift"; sourceTree = "<group>"; };
		BF2743EB2818D90500992DC3 /* DDGProfile.swift */ = {isa = PBXFileReference; lastKnownFileType = sourcecode.swift; path = DDGProfile.swift; sourceTree = "<group>"; };
		BF2743ED2818DDBF00992DC3 /* MockData.swift */ = {isa = PBXFileReference; lastKnownFileType = sourcecode.swift; path = MockData.swift; sourceTree = "<group>"; };
		BF3A5E76281BA3370063A2FE /* PhotoPicker.swift */ = {isa = PBXFileReference; lastKnownFileType = sourcecode.swift; path = PhotoPicker.swift; sourceTree = "<group>"; };
		BF4ADB02281403C200F843A9 /* DubDubGrub.app */ = {isa = PBXFileReference; explicitFileType = wrapper.application; includeInIndex = 0; path = DubDubGrub.app; sourceTree = BUILT_PRODUCTS_DIR; };
		BF4ADB05281403C200F843A9 /* DubDubGrubApp.swift */ = {isa = PBXFileReference; lastKnownFileType = sourcecode.swift; path = DubDubGrubApp.swift; sourceTree = "<group>"; };
		BF4ADB09281403C300F843A9 /* Assets.xcassets */ = {isa = PBXFileReference; lastKnownFileType = folder.assetcatalog; path = Assets.xcassets; sourceTree = "<group>"; };
		BF4ADB0C281403C300F843A9 /* Preview Assets.xcassets */ = {isa = PBXFileReference; lastKnownFileType = folder.assetcatalog; path = "Preview Assets.xcassets"; sourceTree = "<group>"; };
		BF4ADB132814047C00F843A9 /* DubDubGrub.entitlements */ = {isa = PBXFileReference; lastKnownFileType = text.plist.entitlements; path = DubDubGrub.entitlements; sourceTree = "<group>"; };
		BF4ADB152814048100F843A9 /* CloudKit.framework */ = {isa = PBXFileReference; lastKnownFileType = wrapper.framework; name = CloudKit.framework; path = System/Library/Frameworks/CloudKit.framework; sourceTree = SDKROOT; };
		BF4ADB172814078000F843A9 /* Color+.swift */ = {isa = PBXFileReference; lastKnownFileType = sourcecode.swift; path = "Color+.swift"; sourceTree = "<group>"; };
		BF4ADB19281407D400F843A9 /* AppTabView.swift */ = {isa = PBXFileReference; lastKnownFileType = sourcecode.swift; path = AppTabView.swift; sourceTree = "<group>"; };
		BF4ADB1B2814083100F843A9 /* LocationMapView.swift */ = {isa = PBXFileReference; lastKnownFileType = sourcecode.swift; path = LocationMapView.swift; sourceTree = "<group>"; };
		BF4ADB1D2814086600F843A9 /* LocationListView.swift */ = {isa = PBXFileReference; lastKnownFileType = sourcecode.swift; path = LocationListView.swift; sourceTree = "<group>"; };
		BF4ADB1F2814088400F843A9 /* ProfileView.swift */ = {isa = PBXFileReference; lastKnownFileType = sourcecode.swift; path = ProfileView.swift; sourceTree = "<group>"; };
		BF73B9792817746D00044EA9 /* LocationCell.swift */ = {isa = PBXFileReference; lastKnownFileType = sourcecode.swift; path = LocationCell.swift; sourceTree = "<group>"; };
		BF73B97B2817750000044EA9 /* AvatarView.swift */ = {isa = PBXFileReference; lastKnownFileType = sourcecode.swift; path = AvatarView.swift; sourceTree = "<group>"; };
		BF73B97D28177A2C00044EA9 /* CustomModifiers.swift */ = {isa = PBXFileReference; lastKnownFileType = sourcecode.swift; path = CustomModifiers.swift; sourceTree = "<group>"; };
		BF73B97F28177A6500044EA9 /* View+.swift */ = {isa = PBXFileReference; lastKnownFileType = sourcecode.swift; path = "View+.swift"; sourceTree = "<group>"; };
		BF73B98128177D2D00044EA9 /* DDGButton.swift */ = {isa = PBXFileReference; lastKnownFileType = sourcecode.swift; path = DDGButton.swift; sourceTree = "<group>"; };
		BF768CF72814F28A0016FD56 /* MainTabView.swift */ = {isa = PBXFileReference; lastKnownFileType = sourcecode.swift; path = MainTabView.swift; sourceTree = "<group>"; };
		BF911530281959C700FD60DE /* AlertView.swift */ = {isa = PBXFileReference; lastKnownFileType = sourcecode.swift; path = AlertView.swift; sourceTree = "<group>"; };
		BF96E7362815FC4400BBC673 /* LocationDetailView.swift */ = {isa = PBXFileReference; lastKnownFileType = sourcecode.swift; path = LocationDetailView.swift; sourceTree = "<group>"; };
		BFB931C9281A828200B1F869 /* OnboardView.swift */ = {isa = PBXFileReference; lastKnownFileType = sourcecode.swift; path = OnboardView.swift; sourceTree = "<group>"; };
		BFB931CB281A83AD00B1F869 /* LogoView.swift */ = {isa = PBXFileReference; lastKnownFileType = sourcecode.swift; path = LogoView.swift; sourceTree = "<group>"; };
		BFB931CD281A8BF400B1F869 /* XDismissButton.swift */ = {isa = PBXFileReference; lastKnownFileType = sourcecode.swift; path = XDismissButton.swift; sourceTree = "<group>"; };
		BFD5D05A281A4823009A024B /* PlaceholderImageManager.swift */ = {isa = PBXFileReference; lastKnownFileType = sourcecode.swift; path = PlaceholderImageManager.swift; sourceTree = "<group>"; };
		BFD5D05C281A4AF0009A024B /* CKAsset+.swift */ = {isa = PBXFileReference; lastKnownFileType = sourcecode.swift; path = "CKAsset+.swift"; sourceTree = "<group>"; };
		BFE5D118281A25CF00F247D6 /* LocationManager.swift */ = {isa = PBXFileReference; lastKnownFileType = sourcecode.swift; path = LocationManager.swift; sourceTree = "<group>"; };
		BFFA50EF281A1E890012E6D5 /* LocationMapViewModel.swift */ = {isa = PBXFileReference; lastKnownFileType = sourcecode.swift; path = LocationMapViewModel.swift; sourceTree = "<group>"; };
		BFFAB5442817EC0D00FDD5B5 /* DDGLocation.swift */ = {isa = PBXFileReference; lastKnownFileType = sourcecode.swift; path = DDGLocation.swift; sourceTree = "<group>"; };
/* End PBXFileReference section */

/* Begin PBXFrameworksBuildPhase section */
		BF4ADAFF281403C200F843A9 /* Frameworks */ = {
			isa = PBXFrameworksBuildPhase;
			buildActionMask = 2147483647;
			files = (
				BF4ADB162814048100F843A9 /* CloudKit.framework in Frameworks */,
			);
			runOnlyForDeploymentPostprocessing = 0;
		};
/* End PBXFrameworksBuildPhase section */

/* Begin PBXGroup section */
		BF02BC452819066200A0240F /* Managers */ = {
			isa = PBXGroup;
			children = (
				BF02BC462819067E00A0240F /* CloudKitManager.swift */,
				BF02BC482819089100A0240F /* RecordTypeManager.swift */,
				BFE5D118281A25CF00F247D6 /* LocationManager.swift */,
				BFD5D05A281A4823009A024B /* PlaceholderImageManager.swift */,
			);
			path = Managers;
			sourceTree = "<group>";
		};
		BF4ADAF9281403C200F843A9 = {
			isa = PBXGroup;
			children = (
				BF4ADB04281403C200F843A9 /* DubDubGrub */,
				BF4ADB03281403C200F843A9 /* Products */,
				BF4ADB142814048100F843A9 /* Frameworks */,
			);
			sourceTree = "<group>";
		};
		BF4ADB03281403C200F843A9 /* Products */ = {
			isa = PBXGroup;
			children = (
				BF4ADB02281403C200F843A9 /* DubDubGrub.app */,
			);
			name = Products;
			sourceTree = "<group>";
		};
		BF4ADB04281403C200F843A9 /* DubDubGrub */ = {
			isa = PBXGroup;
			children = (
				BFFA50EE281A1E690012E6D5 /* ViewModels */,
				BF02BC452819066200A0240F /* Managers */,
				BFFAB5432817EBE900FDD5B5 /* Model */,
				BF73B9832817810B00044EA9 /* Extensions */,
				BF73B9842817813200044EA9 /* Views */,
				BF4ADB132814047C00F843A9 /* DubDubGrub.entitlements */,
				BF4ADB05281403C200F843A9 /* DubDubGrubApp.swift */,
				BF4ADB09281403C300F843A9 /* Assets.xcassets */,
				BF4ADB0B281403C300F843A9 /* Preview Content */,
			);
			path = DubDubGrub;
			sourceTree = "<group>";
		};
		BF4ADB0B281403C300F843A9 /* Preview Content */ = {
			isa = PBXGroup;
			children = (
				BF4ADB0C281403C300F843A9 /* Preview Assets.xcassets */,
			);
			path = "Preview Content";
			sourceTree = "<group>";
		};
		BF4ADB142814048100F843A9 /* Frameworks */ = {
			isa = PBXGroup;
			children = (
				BF4ADB152814048100F843A9 /* CloudKit.framework */,
			);
			name = Frameworks;
			sourceTree = "<group>";
		};
		BF73B9832817810B00044EA9 /* Extensions */ = {
			isa = PBXGroup;
			children = (
				BF4ADB172814078000F843A9 /* Color+.swift */,
				BF73B97F28177A6500044EA9 /* View+.swift */,
				BF02BC4A28191C8300A0240F /* CKRecord+.swift */,
				BFD5D05C281A4AF0009A024B /* CKAsset+.swift */,
			);
			path = Extensions;
			sourceTree = "<group>";
		};
		BF73B9842817813200044EA9 /* Views */ = {
			isa = PBXGroup;
			children = (
				BF73B97D28177A2C00044EA9 /* CustomModifiers.swift */,
				BF73B988281781F000044EA9 /* CustomViews */,
				BF73B987281781BD00044EA9 /* Cells */,
				BF73B9862817817D00044EA9 /* Screens */,
			);
			path = Views;
			sourceTree = "<group>";
		};
		BF73B9862817817D00044EA9 /* Screens */ = {
			isa = PBXGroup;
			children = (
				BF4ADB19281407D400F843A9 /* AppTabView.swift */,
				BF4ADB1B2814083100F843A9 /* LocationMapView.swift */,
				BF4ADB1D2814086600F843A9 /* LocationListView.swift */,
				BF4ADB1F2814088400F843A9 /* ProfileView.swift */,
				BF96E7362815FC4400BBC673 /* LocationDetailView.swift */,
				BFB931C9281A828200B1F869 /* OnboardView.swift */,
			);
			path = Screens;
			sourceTree = "<group>";
		};
		BF73B987281781BD00044EA9 /* Cells */ = {
			isa = PBXGroup;
			children = (
				BF73B9792817746D00044EA9 /* LocationCell.swift */,
			);
			path = Cells;
			sourceTree = "<group>";
		};
		BF73B988281781F000044EA9 /* CustomViews */ = {
			isa = PBXGroup;
			children = (
				BFB931CF281A8C7E00B1F869 /* Buttons */,
				BF73B97B2817750000044EA9 /* AvatarView.swift */,
				BF768CF72814F28A0016FD56 /* MainTabView.swift */,
				BF911530281959C700FD60DE /* AlertView.swift */,
				BFB931CB281A83AD00B1F869 /* LogoView.swift */,
				BF3A5E76281BA3370063A2FE /* PhotoPicker.swift */,
			);
			path = CustomViews;
			sourceTree = "<group>";
		};
		BFB931CF281A8C7E00B1F869 /* Buttons */ = {
			isa = PBXGroup;
			children = (
				BF73B98128177D2D00044EA9 /* DDGButton.swift */,
				BFB931CD281A8BF400B1F869 /* XDismissButton.swift */,
			);
			path = Buttons;
			sourceTree = "<group>";
		};
		BFFA50EE281A1E690012E6D5 /* ViewModels */ = {
			isa = PBXGroup;
			children = (
				BFFA50EF281A1E890012E6D5 /* LocationMapViewModel.swift */,
			);
			path = ViewModels;
			sourceTree = "<group>";
		};
		BFFAB5432817EBE900FDD5B5 /* Model */ = {
			isa = PBXGroup;
			children = (
				BFFAB5442817EC0D00FDD5B5 /* DDGLocation.swift */,
				BF2743EB2818D90500992DC3 /* DDGProfile.swift */,
				BF2743ED2818DDBF00992DC3 /* MockData.swift */,
			);
			path = Model;
			sourceTree = "<group>";
		};
/* End PBXGroup section */

/* Begin PBXNativeTarget section */
		BF4ADB01281403C200F843A9 /* DubDubGrub */ = {
			isa = PBXNativeTarget;
			buildConfigurationList = BF4ADB10281403C300F843A9 /* Build configuration list for PBXNativeTarget "DubDubGrub" */;
			buildPhases = (
				BF4ADAFE281403C200F843A9 /* Sources */,
				BF4ADAFF281403C200F843A9 /* Frameworks */,
				BF4ADB00281403C200F843A9 /* Resources */,
			);
			buildRules = (
			);
			dependencies = (
			);
			name = DubDubGrub;
			productName = DubDubGrub;
			productReference = BF4ADB02281403C200F843A9 /* DubDubGrub.app */;
			productType = "com.apple.product-type.application";
		};
/* End PBXNativeTarget section */

/* Begin PBXProject section */
		BF4ADAFA281403C200F843A9 /* Project object */ = {
			isa = PBXProject;
			attributes = {
				BuildIndependentTargetsInParallel = 1;
				LastSwiftUpdateCheck = 1330;
				LastUpgradeCheck = 1330;
				TargetAttributes = {
					BF4ADB01281403C200F843A9 = {
						CreatedOnToolsVersion = 13.3.1;
					};
				};
			};
			buildConfigurationList = BF4ADAFD281403C200F843A9 /* Build configuration list for PBXProject "DubDubGrub" */;
			compatibilityVersion = "Xcode 13.0";
			developmentRegion = en;
			hasScannedForEncodings = 0;
			knownRegions = (
				en,
				Base,
			);
			mainGroup = BF4ADAF9281403C200F843A9;
			productRefGroup = BF4ADB03281403C200F843A9 /* Products */;
			projectDirPath = "";
			projectRoot = "";
			targets = (
				BF4ADB01281403C200F843A9 /* DubDubGrub */,
			);
		};
/* End PBXProject section */

/* Begin PBXResourcesBuildPhase section */
		BF4ADB00281403C200F843A9 /* Resources */ = {
			isa = PBXResourcesBuildPhase;
			buildActionMask = 2147483647;
			files = (
				BF4ADB0D281403C300F843A9 /* Preview Assets.xcassets in Resources */,
				BF4ADB0A281403C300F843A9 /* Assets.xcassets in Resources */,
			);
			runOnlyForDeploymentPostprocessing = 0;
		};
/* End PBXResourcesBuildPhase section */

/* Begin PBXSourcesBuildPhase section */
		BF4ADAFE281403C200F843A9 /* Sources */ = {
			isa = PBXSourcesBuildPhase;
			buildActionMask = 2147483647;
			files = (
				BF3A5E77281BA3370063A2FE /* PhotoPicker.swift in Sources */,
				BF4ADB182814078000F843A9 /* Color+.swift in Sources */,
				BF4ADB1C2814083100F843A9 /* LocationMapView.swift in Sources */,
				BFD5D05D281A4AF0009A024B /* CKAsset+.swift in Sources */,
				BFD5D05B281A4823009A024B /* PlaceholderImageManager.swift in Sources */,
				BF96E7372815FC4400BBC673 /* LocationDetailView.swift in Sources */,
				BF2743EC2818D90500992DC3 /* DDGProfile.swift in Sources */,
				BFB931CA281A828200B1F869 /* OnboardView.swift in Sources */,
				BF02BC472819067E00A0240F /* CloudKitManager.swift in Sources */,
				BF911531281959C700FD60DE /* AlertView.swift in Sources */,
				BF73B97C2817750000044EA9 /* AvatarView.swift in Sources */,
				BFFA50F0281A1E890012E6D5 /* LocationMapViewModel.swift in Sources */,
				BFB931CC281A83AD00B1F869 /* LogoView.swift in Sources */,
				BF73B98228177D2D00044EA9 /* DDGButton.swift in Sources */,
				BF73B98028177A6500044EA9 /* View+.swift in Sources */,
				BFFAB5452817EC0D00FDD5B5 /* DDGLocation.swift in Sources */,
				BF4ADB1E2814086600F843A9 /* LocationListView.swift in Sources */,
				BF02BC492819089100A0240F /* RecordTypeManager.swift in Sources */,
				BF4ADB1A281407D400F843A9 /* AppTabView.swift in Sources */,
				BFE5D119281A25CF00F247D6 /* LocationManager.swift in Sources */,
				BF768CF82814F28A0016FD56 /* MainTabView.swift in Sources */,
				BFB931CE281A8BF400B1F869 /* XDismissButton.swift in Sources */,
				BF73B97A2817746D00044EA9 /* LocationCell.swift in Sources */,
				BF4ADB202814088400F843A9 /* ProfileView.swift in Sources */,
				BF2743EE2818DDBF00992DC3 /* MockData.swift in Sources */,
				BF73B97E28177A2C00044EA9 /* CustomModifiers.swift in Sources */,
				BF4ADB06281403C200F843A9 /* DubDubGrubApp.swift in Sources */,
				BF02BC4B28191C8300A0240F /* CKRecord+.swift in Sources */,
			);
			runOnlyForDeploymentPostprocessing = 0;
		};
/* End PBXSourcesBuildPhase section */

/* Begin XCBuildConfiguration section */
		BF4ADB0E281403C300F843A9 /* Debug */ = {
			isa = XCBuildConfiguration;
			buildSettings = {
				ALWAYS_SEARCH_USER_PATHS = NO;
				CLANG_ANALYZER_NONNULL = YES;
				CLANG_ANALYZER_NUMBER_OBJECT_CONVERSION = YES_AGGRESSIVE;
				CLANG_CXX_LANGUAGE_STANDARD = "gnu++17";
				CLANG_ENABLE_MODULES = YES;
				CLANG_ENABLE_OBJC_ARC = YES;
				CLANG_ENABLE_OBJC_WEAK = YES;
				CLANG_WARN_BLOCK_CAPTURE_AUTORELEASING = YES;
				CLANG_WARN_BOOL_CONVERSION = YES;
				CLANG_WARN_COMMA = YES;
				CLANG_WARN_CONSTANT_CONVERSION = YES;
				CLANG_WARN_DEPRECATED_OBJC_IMPLEMENTATIONS = YES;
				CLANG_WARN_DIRECT_OBJC_ISA_USAGE = YES_ERROR;
				CLANG_WARN_DOCUMENTATION_COMMENTS = YES;
				CLANG_WARN_EMPTY_BODY = YES;
				CLANG_WARN_ENUM_CONVERSION = YES;
				CLANG_WARN_INFINITE_RECURSION = YES;
				CLANG_WARN_INT_CONVERSION = YES;
				CLANG_WARN_NON_LITERAL_NULL_CONVERSION = YES;
				CLANG_WARN_OBJC_IMPLICIT_RETAIN_SELF = YES;
				CLANG_WARN_OBJC_LITERAL_CONVERSION = YES;
				CLANG_WARN_OBJC_ROOT_CLASS = YES_ERROR;
				CLANG_WARN_QUOTED_INCLUDE_IN_FRAMEWORK_HEADER = YES;
				CLANG_WARN_RANGE_LOOP_ANALYSIS = YES;
				CLANG_WARN_STRICT_PROTOTYPES = YES;
				CLANG_WARN_SUSPICIOUS_MOVE = YES;
				CLANG_WARN_UNGUARDED_AVAILABILITY = YES_AGGRESSIVE;
				CLANG_WARN_UNREACHABLE_CODE = YES;
				CLANG_WARN__DUPLICATE_METHOD_MATCH = YES;
				COPY_PHASE_STRIP = NO;
				DEBUG_INFORMATION_FORMAT = dwarf;
				ENABLE_STRICT_OBJC_MSGSEND = YES;
				ENABLE_TESTABILITY = YES;
				GCC_C_LANGUAGE_STANDARD = gnu11;
				GCC_DYNAMIC_NO_PIC = NO;
				GCC_NO_COMMON_BLOCKS = YES;
				GCC_OPTIMIZATION_LEVEL = 0;
				GCC_PREPROCESSOR_DEFINITIONS = (
					"DEBUG=1",
					"$(inherited)",
				);
				GCC_WARN_64_TO_32_BIT_CONVERSION = YES;
				GCC_WARN_ABOUT_RETURN_TYPE = YES_ERROR;
				GCC_WARN_UNDECLARED_SELECTOR = YES;
				GCC_WARN_UNINITIALIZED_AUTOS = YES_AGGRESSIVE;
				GCC_WARN_UNUSED_FUNCTION = YES;
				GCC_WARN_UNUSED_VARIABLE = YES;
				IPHONEOS_DEPLOYMENT_TARGET = 15.4;
				MTL_ENABLE_DEBUG_INFO = INCLUDE_SOURCE;
				MTL_FAST_MATH = YES;
				ONLY_ACTIVE_ARCH = YES;
				SDKROOT = iphoneos;
				SWIFT_ACTIVE_COMPILATION_CONDITIONS = DEBUG;
				SWIFT_OPTIMIZATION_LEVEL = "-Onone";
			};
			name = Debug;
		};
		BF4ADB0F281403C300F843A9 /* Release */ = {
			isa = XCBuildConfiguration;
			buildSettings = {
				ALWAYS_SEARCH_USER_PATHS = NO;
				CLANG_ANALYZER_NONNULL = YES;
				CLANG_ANALYZER_NUMBER_OBJECT_CONVERSION = YES_AGGRESSIVE;
				CLANG_CXX_LANGUAGE_STANDARD = "gnu++17";
				CLANG_ENABLE_MODULES = YES;
				CLANG_ENABLE_OBJC_ARC = YES;
				CLANG_ENABLE_OBJC_WEAK = YES;
				CLANG_WARN_BLOCK_CAPTURE_AUTORELEASING = YES;
				CLANG_WARN_BOOL_CONVERSION = YES;
				CLANG_WARN_COMMA = YES;
				CLANG_WARN_CONSTANT_CONVERSION = YES;
				CLANG_WARN_DEPRECATED_OBJC_IMPLEMENTATIONS = YES;
				CLANG_WARN_DIRECT_OBJC_ISA_USAGE = YES_ERROR;
				CLANG_WARN_DOCUMENTATION_COMMENTS = YES;
				CLANG_WARN_EMPTY_BODY = YES;
				CLANG_WARN_ENUM_CONVERSION = YES;
				CLANG_WARN_INFINITE_RECURSION = YES;
				CLANG_WARN_INT_CONVERSION = YES;
				CLANG_WARN_NON_LITERAL_NULL_CONVERSION = YES;
				CLANG_WARN_OBJC_IMPLICIT_RETAIN_SELF = YES;
				CLANG_WARN_OBJC_LITERAL_CONVERSION = YES;
				CLANG_WARN_OBJC_ROOT_CLASS = YES_ERROR;
				CLANG_WARN_QUOTED_INCLUDE_IN_FRAMEWORK_HEADER = YES;
				CLANG_WARN_RANGE_LOOP_ANALYSIS = YES;
				CLANG_WARN_STRICT_PROTOTYPES = YES;
				CLANG_WARN_SUSPICIOUS_MOVE = YES;
				CLANG_WARN_UNGUARDED_AVAILABILITY = YES_AGGRESSIVE;
				CLANG_WARN_UNREACHABLE_CODE = YES;
				CLANG_WARN__DUPLICATE_METHOD_MATCH = YES;
				COPY_PHASE_STRIP = NO;
				DEBUG_INFORMATION_FORMAT = "dwarf-with-dsym";
				ENABLE_NS_ASSERTIONS = NO;
				ENABLE_STRICT_OBJC_MSGSEND = YES;
				GCC_C_LANGUAGE_STANDARD = gnu11;
				GCC_NO_COMMON_BLOCKS = YES;
				GCC_WARN_64_TO_32_BIT_CONVERSION = YES;
				GCC_WARN_ABOUT_RETURN_TYPE = YES_ERROR;
				GCC_WARN_UNDECLARED_SELECTOR = YES;
				GCC_WARN_UNINITIALIZED_AUTOS = YES_AGGRESSIVE;
				GCC_WARN_UNUSED_FUNCTION = YES;
				GCC_WARN_UNUSED_VARIABLE = YES;
				IPHONEOS_DEPLOYMENT_TARGET = 15.4;
				MTL_ENABLE_DEBUG_INFO = NO;
				MTL_FAST_MATH = YES;
				SDKROOT = iphoneos;
				SWIFT_COMPILATION_MODE = wholemodule;
				SWIFT_OPTIMIZATION_LEVEL = "-O";
				VALIDATE_PRODUCT = YES;
			};
			name = Release;
		};
		BF4ADB11281403C300F843A9 /* Debug */ = {
			isa = XCBuildConfiguration;
			buildSettings = {
				ASSETCATALOG_COMPILER_APPICON_NAME = AppIcon;
				ASSETCATALOG_COMPILER_GLOBAL_ACCENT_COLOR_NAME = AccentColor;
				CODE_SIGN_ENTITLEMENTS = DubDubGrub/DubDubGrub.entitlements;
				CODE_SIGN_STYLE = Automatic;
				CURRENT_PROJECT_VERSION = 1;
				DEVELOPMENT_ASSET_PATHS = "\"DubDubGrub/Preview Content\"";
				DEVELOPMENT_TEAM = 64WAG22Y2J;
				ENABLE_PREVIEWS = YES;
				GENERATE_INFOPLIST_FILE = YES;
				INFOPLIST_KEY_NSLocationWhenInUseUsageDescription = "Dub Dub Grub uses your location to show you where you are in relation to your friends and food.";
				INFOPLIST_KEY_UIApplicationSceneManifest_Generation = YES;
				INFOPLIST_KEY_UIApplicationSupportsIndirectInputEvents = YES;
				INFOPLIST_KEY_UILaunchScreen_Generation = YES;
				INFOPLIST_KEY_UISupportedInterfaceOrientations_iPad = "UIInterfaceOrientationPortrait UIInterfaceOrientationPortraitUpsideDown UIInterfaceOrientationLandscapeLeft UIInterfaceOrientationLandscapeRight";
				INFOPLIST_KEY_UISupportedInterfaceOrientations_iPhone = "UIInterfaceOrientationPortrait UIInterfaceOrientationLandscapeLeft UIInterfaceOrientationLandscapeRight";
				LD_RUNPATH_SEARCH_PATHS = (
					"$(inherited)",
					"@executable_path/Frameworks",
				);
				MARKETING_VERSION = 1.0;
				PRODUCT_BUNDLE_IDENTIFIER = vincent.DubDubGrub;
				PRODUCT_NAME = "$(TARGET_NAME)";
				SWIFT_EMIT_LOC_STRINGS = YES;
				SWIFT_VERSION = 5.0;
				TARGETED_DEVICE_FAMILY = "1,2";
			};
			name = Debug;
		};
		BF4ADB12281403C300F843A9 /* Release */ = {
			isa = XCBuildConfiguration;
			buildSettings = {
				ASSETCATALOG_COMPILER_APPICON_NAME = AppIcon;
				ASSETCATALOG_COMPILER_GLOBAL_ACCENT_COLOR_NAME = AccentColor;
				CODE_SIGN_ENTITLEMENTS = DubDubGrub/DubDubGrub.entitlements;
				CODE_SIGN_STYLE = Automatic;
				CURRENT_PROJECT_VERSION = 1;
				DEVELOPMENT_ASSET_PATHS = "\"DubDubGrub/Preview Content\"";
				DEVELOPMENT_TEAM = 64WAG22Y2J;
				ENABLE_PREVIEWS = YES;
				GENERATE_INFOPLIST_FILE = YES;
				INFOPLIST_KEY_NSLocationWhenInUseUsageDescription = "Dub Dub Grub uses your location to show you where you are in relation to your friends and food.";
				INFOPLIST_KEY_UIApplicationSceneManifest_Generation = YES;
				INFOPLIST_KEY_UIApplicationSupportsIndirectInputEvents = YES;
				INFOPLIST_KEY_UILaunchScreen_Generation = YES;
				INFOPLIST_KEY_UISupportedInterfaceOrientations_iPad = "UIInterfaceOrientationPortrait UIInterfaceOrientationPortraitUpsideDown UIInterfaceOrientationLandscapeLeft UIInterfaceOrientationLandscapeRight";
				INFOPLIST_KEY_UISupportedInterfaceOrientations_iPhone = "UIInterfaceOrientationPortrait UIInterfaceOrientationLandscapeLeft UIInterfaceOrientationLandscapeRight";
				LD_RUNPATH_SEARCH_PATHS = (
					"$(inherited)",
					"@executable_path/Frameworks",
				);
				MARKETING_VERSION = 1.0;
				PRODUCT_BUNDLE_IDENTIFIER = vincent.DubDubGrub;
				PRODUCT_NAME = "$(TARGET_NAME)";
				SWIFT_EMIT_LOC_STRINGS = YES;
				SWIFT_VERSION = 5.0;
				TARGETED_DEVICE_FAMILY = "1,2";
			};
			name = Release;
		};
/* End XCBuildConfiguration section */

/* Begin XCConfigurationList section */
		BF4ADAFD281403C200F843A9 /* Build configuration list for PBXProject "DubDubGrub" */ = {
			isa = XCConfigurationList;
			buildConfigurations = (
				BF4ADB0E281403C300F843A9 /* Debug */,
				BF4ADB0F281403C300F843A9 /* Release */,
			);
			defaultConfigurationIsVisible = 0;
			defaultConfigurationName = Release;
		};
		BF4ADB10281403C300F843A9 /* Build configuration list for PBXNativeTarget "DubDubGrub" */ = {
			isa = XCConfigurationList;
			buildConfigurations = (
				BF4ADB11281403C300F843A9 /* Debug */,
				BF4ADB12281403C300F843A9 /* Release */,
			);
			defaultConfigurationIsVisible = 0;
			defaultConfigurationName = Release;
		};
/* End XCConfigurationList section */
	};
	rootObject = BF4ADAFA281403C200F843A9 /* Project object */;
}
